// !$*UTF8*$!
{
	archiveVersion = 1;
	classes = {
	};
	objectVersion = 46;
	objects = {

/* Begin PBXBuildFile section */
		C1F98A991D6AF27E0004BCAC /* AppDelegate.swift in Sources */ = {isa = PBXBuildFile; fileRef = C1F98A981D6AF27E0004BCAC /* AppDelegate.swift */; };
		C1F98A9B1D6AF27E0004BCAC /* ViewController.swift in Sources */ = {isa = PBXBuildFile; fileRef = C1F98A9A1D6AF27E0004BCAC /* ViewController.swift */; };
		C1F98A9E1D6AF27E0004BCAC /* Main.storyboard in Resources */ = {isa = PBXBuildFile; fileRef = C1F98A9C1D6AF27E0004BCAC /* Main.storyboard */; };
		C1F98AA01D6AF27E0004BCAC /* Assets.xcassets in Resources */ = {isa = PBXBuildFile; fileRef = C1F98A9F1D6AF27E0004BCAC /* Assets.xcassets */; };
		C1F98AA31D6AF27E0004BCAC /* LaunchScreen.storyboard in Resources */ = {isa = PBXBuildFile; fileRef = C1F98AA11D6AF27E0004BCAC /* LaunchScreen.storyboard */; };
/* End PBXBuildFile section */

/* Begin PBXFileReference section */
		C1F98A951D6AF27E0004BCAC /* MySmallDay.app */ = {isa = PBXFileReference; explicitFileType = wrapper.application; includeInIndex = 0; path = MySmallDay.app; sourceTree = BUILT_PRODUCTS_DIR; };
		C1F98A981D6AF27E0004BCAC /* AppDelegate.swift */ = {isa = PBXFileReference; lastKnownFileType = sourcecode.swift; path = AppDelegate.swift; sourceTree = "<group>"; };
		C1F98A9A1D6AF27E0004BCAC /* ViewController.swift */ = {isa = PBXFileReference; lastKnownFileType = sourcecode.swift; path = ViewController.swift; sourceTree = "<group>"; };
		C1F98A9D1D6AF27E0004BCAC /* Base */ = {isa = PBXFileReference; lastKnownFileType = file.storyboard; name = Base; path = Base.lproj/Main.storyboard; sourceTree = "<group>"; };
		C1F98A9F1D6AF27E0004BCAC /* Assets.xcassets */ = {isa = PBXFileReference; lastKnownFileType = folder.assetcatalog; path = Assets.xcassets; sourceTree = "<group>"; };
		C1F98AA21D6AF27E0004BCAC /* Base */ = {isa = PBXFileReference; lastKnownFileType = file.storyboard; name = Base; path = Base.lproj/LaunchScreen.storyboard; sourceTree = "<group>"; };
		C1F98AA41D6AF27E0004BCAC /* Info.plist */ = {isa = PBXFileReference; lastKnownFileType = text.plist.xml; path = Info.plist; sourceTree = "<group>"; };
/* End PBXFileReference section */

/* Begin PBXFrameworksBuildPhase section */
		C1F98A921D6AF27E0004BCAC /* Frameworks */ = {
			isa = PBXFrameworksBuildPhase;
			buildActionMask = 2147483647;
			files = (
			);
			runOnlyForDeploymentPostprocessing = 0;
		};
/* End PBXFrameworksBuildPhase section */

/* Begin PBXGroup section */
		C1F98A8C1D6AF27E0004BCAC = {
			isa = PBXGroup;
			children = (
				C1F98A971D6AF27E0004BCAC /* MySmallDay */,
				C1F98A961D6AF27E0004BCAC /* Products */,
			);
			sourceTree = "<group>";
		};
		C1F98A961D6AF27E0004BCAC /* Products */ = {
			isa = PBXGroup;
			children = (
				C1F98A951D6AF27E0004BCAC /* MySmallDay.app */,
			);
			name = Products;
			sourceTree = "<group>";
		};
		C1F98A971D6AF27E0004BCAC /* MySmallDay */ = {
			isa = PBXGroup;
			children = (
				C1F98A981D6AF27E0004BCAC /* AppDelegate.swift */,
				C1F98A9A1D6AF27E0004BCAC /* ViewController.swift */,
				C1F98A9C1D6AF27E0004BCAC /* Main.storyboard */,
				C1F98A9F1D6AF27E0004BCAC /* Assets.xcassets */,
				C1F98AA11D6AF27E0004BCAC /* LaunchScreen.storyboard */,
				C1F98AA41D6AF27E0004BCAC /* Info.plist */,
			);
			path = MySmallDay;
			sourceTree = "<group>";
		};
/* End PBXGroup section */

/* Begin PBXNativeTarget section */
		C1F98A941D6AF27E0004BCAC /* MySmallDay */ = {
			isa = PBXNativeTarget;
			buildConfigurationList = C1F98AA71D6AF27E0004BCAC /* Build configuration list for PBXNativeTarget "MySmallDay" */;
			buildPhases = (
				C1F98A911D6AF27E0004BCAC /* Sources */,
				C1F98A921D6AF27E0004BCAC /* Frameworks */,
				C1F98A931D6AF27E0004BCAC /* Resources */,
			);
			buildRules = (
			);
			dependencies = (
			);
			name = MySmallDay;
			productName = MySmallDay;
			productReference = C1F98A951D6AF27E0004BCAC /* MySmallDay.app */;
			productType = "com.apple.product-type.application";
		};
/* End PBXNativeTarget section */

/* Begin PBXProject section */
		C1F98A8D1D6AF27E0004BCAC /* Project object */ = {
			isa = PBXProject;
			attributes = {
				LastSwiftUpdateCheck = 0730;
				LastUpgradeCheck = 0730;
				ORGANIZATIONNAME = liudan;
				TargetAttributes = {
					C1F98A941D6AF27E0004BCAC = {
						CreatedOnToolsVersion = 7.3.1;
					};
				};
			};
			buildConfigurationList = C1F98A901D6AF27E0004BCAC /* Build configuration list for PBXProject "MySmallDay" */;
			compatibilityVersion = "Xcode 3.2";
			developmentRegion = English;
			hasScannedForEncodings = 0;
			knownRegions = (
				en,
				Base,
			);
			mainGroup = C1F98A8C1D6AF27E0004BCAC;
			productRefGroup = C1F98A961D6AF27E0004BCAC /* Products */;
			projectDirPath = "";
			projectRoot = "";
			targets = (
				C1F98A941D6AF27E0004BCAC /* MySmallDay */,
			);
		};
/* End PBXProject section */

/* Begin PBXResourcesBuildPhase section */
		C1F98A931D6AF27E0004BCAC /* Resources */ = {
			isa = PBXResourcesBuildPhase;
			buildActionMask = 2147483647;
			files = (
				C1F98AA31D6AF27E0004BCAC /* LaunchScreen.storyboard in Resources */,
				C1F98AA01D6AF27E0004BCAC /* Assets.xcassets in Resources */,
				C1F98A9E1D6AF27E0004BCAC /* Main.storyboard in Resources */,
			);
			runOnlyForDeploymentPostprocessing = 0;
		};
/* End PBXResourcesBuildPhase section */

/* Begin PBXSourcesBuildPhase section */
		C1F98A911D6AF27E0004BCAC /* Sources */ = {
			isa = PBXSourcesBuildPhase;
			buildActionMask = 2147483647;
			files = (
				C1F98A9B1D6AF27E0004BCAC /* ViewController.swift in Sources */,
				C1F98A991D6AF27E0004BCAC /* AppDelegate.swift in Sources */,
			);
			runOnlyForDeploymentPostprocessing = 0;
		};
/* End PBXSourcesBuildPhase section */

/* Begin PBXVariantGroup section */
		C1F98A9C1D6AF27E0004BCAC /* Main.storyboard */ = {
			isa = PBXVariantGroup;
			children = (
				C1F98A9D1D6AF27E0004BCAC /* Base */,
			);
			name = Main.storyboard;
			sourceTree = "<group>";
		};
		C1F98AA11D6AF27E0004BCAC /* LaunchScreen.storyboard */ = {
			isa = PBXVariantGroup;
			children = (
				C1F98AA21D6AF27E0004BCAC /* Base */,
			);
			name = LaunchScreen.storyboard;
			sourceTree = "<group>";
		};
/* End PBXVariantGroup section */

/* Begin XCBuildConfiguration section */
		C1F98AA51D6AF27E0004BCAC /* Debug */ = {
			isa = XCBuildConfiguration;
			buildSettings = {
				ALWAYS_SEARCH_USER_PATHS = NO;
				CLANG_ANALYZER_NONNULL = YES;
				CLANG_CXX_LANGUAGE_STANDARD = "gnu++0x";
				CLANG_CXX_LIBRARY = "libc++";
				CLANG_ENABLE_MODULES = YES;
				CLANG_ENABLE_OBJC_ARC = YES;
				CLANG_WARN_BOOL_CONVERSION = YES;
				CLANG_WARN_CONSTANT_CONVERSION = YES;
				CLANG_WARN_DIRECT_OBJC_ISA_USAGE = YES_ERROR;
				CLANG_WARN_EMPTY_BODY = YES;
				CLANG_WARN_ENUM_CONVERSION = YES;
				CLANG_WARN_INT_CONVERSION = YES;
				CLANG_WARN_OBJC_ROOT_CLASS = YES_ERROR;
				CLANG_WARN_UNREACHABLE_CODE = YES;
				CLANG_WARN__DUPLICATE_METHOD_MATCH = YES;
				"CODE_SIGN_IDENTITY[sdk=iphoneos*]" = "iPhone Developer";
				COPY_PHASE_STRIP = NO;
				DEBUG_INFORMATION_FORMAT = dwarf;
				ENABLE_STRICT_OBJC_MSGSEND = YES;
				ENABLE_TESTABILITY = YES;
				GCC_C_LANGUAGE_STANDARD = gnu99;
				GCC_DYNAMIC_NO_PIC = NO;
				GCC_NO_COMMON_BLOCKS = YES;
				GCC_OPTIMIZATION_LEVEL = 0;
				GCC_PREPROCESSOR_DEFINITIONS = (
					"DEBUG=1",
					"$(inherited)",
				);
				GCC_WARN_64_TO_32_BIT_CONVERSION = YES;
				GCC_WARN_ABOUT_RETURN_TYPE = YES_ERROR;
				GCC_WARN_UNDECLARED_SELECTOR = YES;
				GCC_WARN_UNINITIALIZED_AUTOS = YES_AGGRESSIVE;
				GCC_WARN_UNUSED_FUNCTION = YES;
				GCC_WARN_UNUSED_VARIABLE = YES;
				IPHONEOS_DEPLOYMENT_TARGET = 9.3;
				MTL_ENABLE_DEBUG_INFO = YES;
				ONLY_ACTIVE_ARCH = YES;
				SDKROOT = iphoneos;
				SWIFT_OPTIMIZATION_LEVEL = "-Onone";
				TARGETED_DEVICE_FAMILY = "1,2";
			};
			name = Debug;
		};
		C1F98AA61D6AF27E0004BCAC /* Release */ = {
			isa = XCBuildConfiguration;
			buildSettings = {
				ALWAYS_SEARCH_USER_PATHS = NO;
				CLANG_ANALYZER_NONNULL = YES;
				CLANG_CXX_LANGUAGE_STANDARD = "gnu++0x";
				CLANG_CXX_LIBRARY = "libc++";
				CLANG_ENABLE_MODULES = YES;
				CLANG_ENABLE_OBJC_ARC = YES;
				CLANG_WARN_BOOL_CONVERSION = YES;
				CLANG_WARN_CONSTANT_CONVERSION = YES;
				CLANG_WARN_DIRECT_OBJC_ISA_USAGE = YES_ERROR;
				CLANG_WARN_EMPTY_BODY = YES;
				CLANG_WARN_ENUM_CONVERSION = YES;
				CLANG_WARN_INT_CONVERSION = YES;
				CLANG_WARN_OBJC_ROOT_CLASS = YES_ERROR;
				CLANG_WARN_UNREACHABLE_CODE = YES;
				CLANG_WARN__DUPLICATE_METHOD_MATCH = YES;
				"CODE_SIGN_IDENTITY[sdk=iphoneos*]" = "iPhone Developer";
				COPY_PHASE_STRIP = NO;
				DEBUG_INFORMATION_FORMAT = "dwarf-with-dsym";
				ENABLE_NS_ASSERTIONS = NO;
				ENABLE_STRICT_OBJC_MSGSEND = YES;
				GCC_C_LANGUAGE_STANDARD = gnu99;
				GCC_NO_COMMON_BLOCKS = YES;
				GCC_WARN_64_TO_32_BIT_CONVERSION = YES;
				GCC_WARN_ABOUT_RETURN_TYPE = YES_ERROR;
				GCC_WARN_UNDECLARED_SELECTOR = YES;
				GCC_WARN_UNINITIALIZED_AUTOS = YES_AGGRESSIVE;
				GCC_WARN_UNUSED_FUNCTION = YES;
				GCC_WARN_UNUSED_VARIABLE = YES;
				IPHONEOS_DEPLOYMENT_TARGET = 9.3;
				MTL_ENABLE_DEBUG_INFO = NO;
				SDKROOT = iphoneos;
				TARGETED_DEVICE_FAMILY = "1,2";
				VALIDATE_PRODUCT = YES;
			};
			name = Release;
		};
		C1F98AA81D6AF27E0004BCAC /* Debug */ = {
			isa = XCBuildConfiguration;
			buildSettings = {
				ASSETCATALOG_COMPILER_APPICON_NAME = AppIcon;
				INFOPLIST_FILE = MySmallDay/Info.plist;
				LD_RUNPATH_SEARCH_PATHS = "$(inherited) @executable_path/Frameworks";
				PRODUCT_BUNDLE_IDENTIFIER = "com.gewara.-.MySmallDay";
				PRODUCT_NAME = "$(TARGET_NAME)";
			};
			name = Debug;
		};
		C1F98AA91D6AF27E0004BCAC /* Release */ = {
			isa = XCBuildConfiguration;
			buildSettings = {
				ASSETCATALOG_COMPILER_APPICON_NAME = AppIcon;
				INFOPLIST_FILE = MySmallDay/Info.plist;
				LD_RUNPATH_SEARCH_PATHS = "$(inherited) @executable_path/Frameworks";
				PRODUCT_BUNDLE_IDENTIFIER = "com.gewara.-.MySmallDay";
				PRODUCT_NAME = "$(TARGET_NAME)";
			};
			name = Release;
		};
/* End XCBuildConfiguration section */

/* Begin XCConfigurationList section */
		C1F98A901D6AF27E0004BCAC /* Build configuration list for PBXProject "MySmallDay" */ = {
			isa = XCConfigurationList;
			buildConfigurations = (
				C1F98AA51D6AF27E0004BCAC /* Debug */,
				C1F98AA61D6AF27E0004BCAC /* Release */,
			);
			defaultConfigurationIsVisible = 0;
			defaultConfigurationName = Release;
		};
		C1F98AA71D6AF27E0004BCAC /* Build configuration list for PBXNativeTarget "MySmallDay" */ = {
			isa = XCConfigurationList;
			buildConfigurations = (
				C1F98AA81D6AF27E0004BCAC /* Debug */,
				C1F98AA91D6AF27E0004BCAC /* Release */,
			);
			defaultConfigurationIsVisible = 0;
		};
/* End XCConfigurationList section */
	};
	rootObject = C1F98A8D1D6AF27E0004BCAC /* Project object */;
}
